
Microsoft Visual Studio Solution File, Format Version 12.00
# Visual Studio Version 17
VisualStudioVersion = 17.11.35222.181
MinimumVisualStudioVersion = 10.0.40219.1
Project("{FAE04EC0-301F-11D3-BF4B-00C04F79EFBC}") = "BTDBFirst", "BTDBFirst.csproj", "{A0B9C40B-5EB1-4F52-80AB-7926D4D44BE0}"
EndProject
Global
	GlobalSection(SolutionConfigurationPlatforms) = preSolution
		Debug|Any CPU = Debug|Any CPU
		Release|Any CPU = Release|Any CPU
	EndGlobalSection
	GlobalSection(ProjectConfigurationPlatforms) = postSolution
		{A0B9C40B-5EB1-4F52-80AB-7926D4D44BE0}.Debug|Any CPU.ActiveCfg = Debug|Any CPU
		{A0B9C40B-5EB1-4F52-80AB-7926D4D44BE0}.Debug|Any CPU.Build.0 = Debug|Any CPU
		{A0B9C40B-5EB1-4F52-80AB-7926D4D44BE0}.Release|Any CPU.ActiveCfg = Release|Any CPU
		{A0B9C40B-5EB1-4F52-80AB-7926D4D44BE0}.Release|Any CPU.Build.0 = Release|Any CPU
	EndGlobalSection
	GlobalSection(SolutionProperties) = preSolution
		HideSolutionNode = FALSE
	EndGlobalSection
	GlobalSection(ExtensibilityGlobals) = postSolution
		SolutionGuid = {B95ADDF2-7012-4AA1-B810-F463BA2AF7EE}
	EndGlobalSection
EndGlobal
